
Microsoft Visual Studio Solution File, Format Version 12.00
# Visual Studio Version 16
VisualStudioVersion = 16.0.31829.152
MinimumVisualStudioVersion = 10.0.40219.1
Project("{FAE04EC0-301F-11D3-BF4B-00C04F79EFBC}") = "DevASPMVC", "DevASPMVC\DevASPMVC.csproj", "{AADFDC29-9D9E-4BB2-B215-8547282CB722}"
EndProject
Global
	GlobalSection(SolutionConfigurationPlatforms) = preSolution
		Debug|Any CPU = Debug|Any CPU
		Release|Any CPU = Release|Any CPU
	EndGlobalSection
	GlobalSection(ProjectConfigurationPlatforms) = postSolution
		{AADFDC29-9D9E-4BB2-B215-8547282CB722}.Debug|Any CPU.ActiveCfg = Debug|Any CPU
		{AADFDC29-9D9E-4BB2-B215-8547282CB722}.Debug|Any CPU.Build.0 = Debug|Any CPU
		{AADFDC29-9D9E-4BB2-B215-8547282CB722}.Release|Any CPU.ActiveCfg = Release|Any CPU
		{AADFDC29-9D9E-4BB2-B215-8547282CB722}.Release|Any CPU.Build.0 = Release|Any CPU
	EndGlobalSection
	GlobalSection(SolutionProperties) = preSolution
		HideSolutionNode = FALSE
	EndGlobalSection
	GlobalSection(ExtensibilityGlobals) = postSolution
		SolutionGuid = {264EBE53-44CA-4ACB-8F42-18FF983E0F43}
	EndGlobalSection
EndGlobal
